
Microsoft Visual Studio Solution File, Format Version 12.00
# Visual Studio Version 16
VisualStudioVersion = 16.0.30320.27
MinimumVisualStudioVersion = 10.0.40219.1
Project("{FAE04EC0-301F-11D3-BF4B-00C04F79EFBC}") = "MatchGame", "MatchGame\MatchGame.csproj", "{7FD9CB82-E8ED-462E-940D-2BC525DD905E}"
EndProject
Global
	GlobalSection(SolutionConfigurationPlatforms) = preSolution
		Debug|Any CPU = Debug|Any CPU
		Release|Any CPU = Release|Any CPU
	EndGlobalSection
	GlobalSection(ProjectConfigurationPlatforms) = postSolution
		{7FD9CB82-E8ED-462E-940D-2BC525DD905E}.Debug|Any CPU.ActiveCfg = Debug|Any CPU
		{7FD9CB82-E8ED-462E-940D-2BC525DD905E}.Debug|Any CPU.Build.0 = Debug|Any CPU
		{7FD9CB82-E8ED-462E-940D-2BC525DD905E}.Release|Any CPU.ActiveCfg = Release|Any CPU
		{7FD9CB82-E8ED-462E-940D-2BC525DD905E}.Release|Any CPU.Build.0 = Release|Any CPU
	EndGlobalSection
	GlobalSection(SolutionProperties) = preSolution
		HideSolutionNode = FALSE
	EndGlobalSection
	GlobalSection(ExtensibilityGlobals) = postSolution
		SolutionGuid = {9704C3F5-4834-4239-8937-4B58E711831B}
	EndGlobalSection
EndGlobal
